
Microsoft Visual Studio Solution File, Format Version 12.00
# Visual Studio Version 17
VisualStudioVersion = 17.7.34031.279
MinimumVisualStudioVersion = 10.0.40219.1
Project("{FAE04EC0-301F-11D3-BF4B-00C04F79EFBC}") = "DesignPatterns", "DesignPatterns.csproj", "{86F02B51-A1BD-4A84-8A7E-9A961C7C4272}"
EndProject
Global
	GlobalSection(SolutionConfigurationPlatforms) = preSolution
		Debug|Any CPU = Debug|Any CPU
		Release|Any CPU = Release|Any CPU
	EndGlobalSection
	GlobalSection(ProjectConfigurationPlatforms) = postSolution
		{86F02B51-A1BD-4A84-8A7E-9A961C7C4272}.Debug|Any CPU.ActiveCfg = Debug|Any CPU
		{86F02B51-A1BD-4A84-8A7E-9A961C7C4272}.Debug|Any CPU.Build.0 = Debug|Any CPU
		{86F02B51-A1BD-4A84-8A7E-9A961C7C4272}.Release|Any CPU.ActiveCfg = Release|Any CPU
		{86F02B51-A1BD-4A84-8A7E-9A961C7C4272}.Release|Any CPU.Build.0 = Release|Any CPU
	EndGlobalSection
	GlobalSection(SolutionProperties) = preSolution
		HideSolutionNode = FALSE
	EndGlobalSection
	GlobalSection(ExtensibilityGlobals) = postSolution
		SolutionGuid = {B1C39115-4FB2-4C38-879B-C6C3E52545C6}
	EndGlobalSection
EndGlobal
